// !$*UTF8*$!
{
	archiveVersion = 1;
	classes = {
	};
	objectVersion = 46;
	objects = {

/* Begin PBXBuildFile section */
		97FA14D91592611700C36F73 /* UIKit.framework in Frameworks */ = {isa = PBXBuildFile; fileRef = 97FA14D81592611700C36F73 /* UIKit.framework */; };
		97FA14DB1592611700C36F73 /* Foundation.framework in Frameworks */ = {isa = PBXBuildFile; fileRef = 97FA14DA1592611700C36F73 /* Foundation.framework */; };
		97FA14DD1592611700C36F73 /* CoreGraphics.framework in Frameworks */ = {isa = PBXBuildFile; fileRef = 97FA14DC1592611700C36F73 /* CoreGraphics.framework */; };
		97FA14E31592611700C36F73 /* InfoPlist.strings in Resources */ = {isa = PBXBuildFile; fileRef = 97FA14E11592611700C36F73 /* InfoPlist.strings */; };
		97FA14E51592611700C36F73 /* main.m in Sources */ = {isa = PBXBuildFile; fileRef = 97FA14E41592611700C36F73 /* main.m */; };
		97FA14E91592611700C36F73 /* AKAppDelegate.m in Sources */ = {isa = PBXBuildFile; fileRef = 97FA14E81592611700C36F73 /* AKAppDelegate.m */; };
/* End PBXBuildFile section */

/* Begin PBXFileReference section */
		97FA14D41592611700C36F73 /* AKWebView.app */ = {isa = PBXFileReference; explicitFileType = wrapper.application; includeInIndex = 0; path = AKWebView.app; sourceTree = BUILT_PRODUCTS_DIR; };
		97FA14D81592611700C36F73 /* UIKit.framework */ = {isa = PBXFileReference; lastKnownFileType = wrapper.framework; name = UIKit.framework; path = System/Library/Frameworks/UIKit.framework; sourceTree = SDKROOT; };
		97FA14DA1592611700C36F73 /* Foundation.framework */ = {isa = PBXFileReference; lastKnownFileType = wrapper.framework; name = Foundation.framework; path = System/Library/Frameworks/Foundation.framework; sourceTree = SDKROOT; };
		97FA14DC1592611700C36F73 /* CoreGraphics.framework */ = {isa = PBXFileReference; lastKnownFileType = wrapper.framework; name = CoreGraphics.framework; path = System/Library/Frameworks/CoreGraphics.framework; sourceTree = SDKROOT; };
		97FA14E01592611700C36F73 /* AKWebView-Info.plist */ = {isa = PBXFileReference; path = "AKWebView-Info.plist"; sourceTree = "<group>"; };
		97FA14E21592611700C36F73 /* en */ = {isa = PBXFileReference; lastKnownFileType = text.plist.strings; name = en; path = en.lproj/InfoPlist.strings; sourceTree = "<group>"; };
		97FA14E41592611700C36F73 /* main.m */ = {isa = PBXFileReference; lastKnownFileType = sourcecode.c.objc; path = main.m; sourceTree = "<group>"; };
		97FA14E61592611700C36F73 /* AKWebView-Prefix.pch */ = {isa = PBXFileReference; path = "AKWebView-Prefix.pch"; sourceTree = "<group>"; };
		97FA14E71592611700C36F73 /* AKAppDelegate.h */ = {isa = PBXFileReference; path = AKAppDelegate.h; sourceTree = "<group>"; };
		97FA14E81592611700C36F73 /* AKAppDelegate.m */ = {isa = PBXFileReference; lastKnownFileType = sourcecode.c.objc; path = AKAppDelegate.m; sourceTree = "<group>"; };
/* End PBXFileReference section */

/* Begin PBXFrameworksBuildPhase section */
		97FA14D11592611700C36F73 /* Frameworks */ = {
			isa = PBXFrameworksBuildPhase;
			buildActionMask = 2147483647;
			files = (
				97FA14D91592611700C36F73 /* UIKit.framework in Frameworks */,
				97FA14DB1592611700C36F73 /* Foundation.framework in Frameworks */,
				97FA14DD1592611700C36F73 /* CoreGraphics.framework in Frameworks */,
			);
			runOnlyForDeploymentPostprocessing = 0;
		};
/* End PBXFrameworksBuildPhase section */

/* Begin PBXGroup section */
		97FA14C91592611700C36F73 = {
			isa = PBXGroup;
			children = (
				97FA14DE1592611700C36F73 /* AKWebView */,
				97FA14D71592611700C36F73 /* Frameworks */,
				97FA14D51592611700C36F73 /* Products */,
			);
			sourceTree = "<group>";
		};
		97FA14D51592611700C36F73 /* Products */ = {
			isa = PBXGroup;
			children = (
				97FA14D41592611700C36F73 /* AKWebView.app */,
			);
			name = Products;
			sourceTree = "<group>";
		};
		97FA14D71592611700C36F73 /* Frameworks */ = {
			isa = PBXGroup;
			children = (
				97FA14D81592611700C36F73 /* UIKit.framework */,
				97FA14DA1592611700C36F73 /* Foundation.framework */,
				97FA14DC1592611700C36F73 /* CoreGraphics.framework */,
			);
			name = Frameworks;
			sourceTree = "<group>";
		};
		97FA14DE1592611700C36F73 /* AKWebView */ = {
			isa = PBXGroup;
			children = (
				97FA14E71592611700C36F73 /* AKAppDelegate.h */,
				97FA14E81592611700C36F73 /* AKAppDelegate.m */,
				97FA14DF1592611700C36F73 /* Supporting Files */,
			);
			path = AKWebView;
			sourceTree = "<group>";
		};
		97FA14DF1592611700C36F73 /* Supporting Files */ = {
			isa = PBXGroup;
			children = (
				97FA14E01592611700C36F73 /* AKWebView-Info.plist */,
				97FA14E11592611700C36F73 /* InfoPlist.strings */,
				97FA14E41592611700C36F73 /* main.m */,
				97FA14E61592611700C36F73 /* AKWebView-Prefix.pch */,
			);
			name = "Supporting Files";
			sourceTree = "<group>";
		};
/* End PBXGroup section */

/* Begin PBXNativeTarget section */
		97FA14D31592611700C36F73 /* AKWebView */ = {
			isa = PBXNativeTarget;
			buildConfigurationList = 97FA14EC1592611700C36F73 /* Build configuration list for PBXNativeTarget "AKWebView" */;
			buildPhases = (
				97FA14D01592611700C36F73 /* Sources */,
				97FA14D11592611700C36F73 /* Frameworks */,
				97FA14D21592611700C36F73 /* Resources */,
			);
			buildRules = (
			);
			dependencies = (
			);
			name = AKWebView;
			productName = AKWebView;
			productReference = 97FA14D41592611700C36F73 /* AKWebView.app */;
			productType = "com.apple.product-type.application";
		};
/* End PBXNativeTarget section */

/* Begin PBXProject section */
		97FA14CB1592611700C36F73 /* Project object */ = {
			isa = PBXProject;
			attributes = {
				CLASSPREFIX = AK;
				LastUpgradeCheck = 0430;
				ORGANIZATIONNAME = Quora;
			};
			buildConfigurationList = 97FA14CE1592611700C36F73 /* Build configuration list for PBXProject "AKWebView" */;
			compatibilityVersion = "Xcode 3.2";
			developmentRegion = English;
			hasScannedForEncodings = 0;
			knownRegions = (
				en,
			);
			mainGroup = 97FA14C91592611700C36F73;
			productRefGroup = 97FA14D51592611700C36F73 /* Products */;
			projectDirPath = "";
			projectRoot = "";
			targets = (
				97FA14D31592611700C36F73 /* AKWebView */,
			);
		};
/* End PBXProject section */

/* Begin PBXResourcesBuildPhase section */
		97FA14D21592611700C36F73 /* Resources */ = {
			isa = PBXResourcesBuildPhase;
			buildActionMask = 2147483647;
			files = (
				97FA14E31592611700C36F73 /* InfoPlist.strings in Resources */,
			);
			runOnlyForDeploymentPostprocessing = 0;
		};
/* End PBXResourcesBuildPhase section */

/* Begin PBXSourcesBuildPhase section */
		97FA14D01592611700C36F73 /* Sources */ = {
			isa = PBXSourcesBuildPhase;
			buildActionMask = 2147483647;
			files = (
				97FA14E51592611700C36F73 /* main.m in Sources */,
				97FA14E91592611700C36F73 /* AKAppDelegate.m in Sources */,
			);
			runOnlyForDeploymentPostprocessing = 0;
		};
/* End PBXSourcesBuildPhase section */

/* Begin PBXVariantGroup section */
		97FA14E11592611700C36F73 /* InfoPlist.strings */ = {
			isa = PBXVariantGroup;
			children = (
				97FA14E21592611700C36F73 /* en */,
			);
			name = InfoPlist.strings;
			sourceTree = "<group>";
		};
/* End PBXVariantGroup section */

/* Begin XCBuildConfiguration section */
		97FA14EA1592611700C36F73 /* Debug */ = {
			isa = XCBuildConfiguration;
			buildSettings = {
				ALWAYS_SEARCH_USER_PATHS = NO;
				ARCHS = "$(ARCHS_STANDARD_32_BIT)";
				CLANG_ENABLE_OBJC_ARC = YES;
				"CODE_SIGN_IDENTITY[sdk=iphoneos*]" = "iPhone Developer";
				COPY_PHASE_STRIP = NO;
				GCC_C_LANGUAGE_STANDARD = gnu99;
				GCC_DYNAMIC_NO_PIC = NO;
				GCC_OPTIMIZATION_LEVEL = 0;
				GCC_PREPROCESSOR_DEFINITIONS = (
					"DEBUG=1",
					"$(inherited)",
				);
				GCC_SYMBOLS_PRIVATE_EXTERN = NO;
				GCC_VERSION = com.apple.compilers.llvm.clang.1_0;
				GCC_WARN_ABOUT_RETURN_TYPE = YES;
				GCC_WARN_UNINITIALIZED_AUTOS = YES;
				GCC_WARN_UNUSED_VARIABLE = YES;
				IPHONEOS_DEPLOYMENT_TARGET = 5.1;
				SDKROOT = iphoneos;
				TARGETED_DEVICE_FAMILY = "1,2";
			};
			name = Debug;
		};
		97FA14EB1592611700C36F73 /* Release */ = {
			isa = XCBuildConfiguration;
			buildSettings = {
				ALWAYS_SEARCH_USER_PATHS = NO;
				ARCHS = "$(ARCHS_STANDARD_32_BIT)";
				CLANG_ENABLE_OBJC_ARC = YES;
				"CODE_SIGN_IDENTITY[sdk=iphoneos*]" = "iPhone Developer";
				COPY_PHASE_STRIP = YES;
				GCC_C_LANGUAGE_STANDARD = gnu99;
				GCC_VERSION = com.apple.compilers.llvm.clang.1_0;
				GCC_WARN_ABOUT_RETURN_TYPE = YES;
				GCC_WARN_UNINITIALIZED_AUTOS = YES;
				GCC_WARN_UNUSED_VARIABLE = YES;
				IPHONEOS_DEPLOYMENT_TARGET = 5.1;
				OTHER_CFLAGS = "-DNS_BLOCK_ASSERTIONS=1";
				SDKROOT = iphoneos;
				TARGETED_DEVICE_FAMILY = "1,2";
				VALIDATE_PRODUCT = YES;
			};
			name = Release;
		};
		97FA14ED1592611700C36F73 /* Debug */ = {
			isa = XCBuildConfiguration;
			buildSettings = {
				GCC_PRECOMPILE_PREFIX_HEADER = YES;
				GCC_PREFIX_HEADER = "AKWebView/AKWebView-Prefix.pch";
				INFOPLIST_FILE = "AKWebView/AKWebView-Info.plist";
				PRODUCT_NAME = "$(TARGET_NAME)";
				WRAPPER_EXTENSION = app;
			};
			name = Debug;
		};
		97FA14EE1592611700C36F73 /* Release */ = {
			isa = XCBuildConfiguration;
			buildSettings = {
				GCC_PRECOMPILE_PREFIX_HEADER = YES;
				GCC_PREFIX_HEADER = "AKWebView/AKWebView-Prefix.pch";
				INFOPLIST_FILE = "AKWebView/AKWebView-Info.plist";
				PRODUCT_NAME = "$(TARGET_NAME)";
				WRAPPER_EXTENSION = app;
			};
			name = Release;
		};
/* End XCBuildConfiguration section */

/* Begin XCConfigurationList section */
		97FA14CE1592611700C36F73 /* Build configuration list for PBXProject "AKWebView" */ = {
			isa = XCConfigurationList;
			buildConfigurations = (
				97FA14EA1592611700C36F73 /* Debug */,
				97FA14EB1592611700C36F73 /* Release */,
			);
			defaultConfigurationIsVisible = 0;
			defaultConfigurationName = Release;
		};
		97FA14EC1592611700C36F73 /* Build configuration list for PBXNativeTarget "AKWebView" */ = {
			isa = XCConfigurationList;
			buildConfigurations = (
				97FA14ED1592611700C36F73 /* Debug */,
				97FA14EE1592611700C36F73 /* Release */,
			);
			defaultConfigurationIsVisible = 0;
		};
/* End XCConfigurationList section */
	};
	rootObject = 97FA14CB1592611700C36F73 /* Project object */;
}
